// !$*UTF8*$!
{
	archiveVersion = 1;
	classes = {
	};
	objectVersion = 54;
	objects = {

/* Begin PBXBuildFile section */
		0C80B921A6F3F58F76C31292 /* libPods-NativeCoffee.a in Frameworks */ = {isa = PBXBuildFile; fileRef = 5DCACB8F33CDC322A6C60F78 /* libPods-NativeCoffee.a */; };
		13B07FBF1A68108700A75B9A /* Images.xcassets in Resources */ = {isa = PBXBuildFile; fileRef = 13B07FB51A68108700A75B9A /* Images.xcassets */; };
		761780ED2CA45674006654EE /* AppDelegate.swift in Sources */ = {isa = PBXBuildFile; fileRef = 761780EC2CA45674006654EE /* AppDelegate.swift */; };
		81AB9BB82411601600AC10FF /* LaunchScreen.storyboard in Resources */ = {isa = PBXBuildFile; fileRef = 81AB9BB72411601600AC10FF /* LaunchScreen.storyboard */; };
		7468638BB7E94C4AB7185C68 /* BeVietnamPro-Black.ttf in Resources */ = {isa = PBXBuildFile; fileRef = 7597C534125C49ECACE4FC77 /* BeVietnamPro-Black.ttf */; };
		D7C13CAA4CB54C0EBB049014 /* BeVietnamPro-BlackItalic.ttf in Resources */ = {isa = PBXBuildFile; fileRef = 2BA923DAFC484584A9376F43 /* BeVietnamPro-BlackItalic.ttf */; };
		A6A5556180D74BA1A32982F9 /* BeVietnamPro-Bold.ttf in Resources */ = {isa = PBXBuildFile; fileRef = 18A7364CBD5F4DDCBC631DA6 /* BeVietnamPro-Bold.ttf */; };
		DFE60AAA054744758638BF81 /* BeVietnamPro-BoldItalic.ttf in Resources */ = {isa = PBXBuildFile; fileRef = FBE01D3E65E24A18AF2ADBCA /* BeVietnamPro-BoldItalic.ttf */; };
		B95A8518CAC14823A3C1D747 /* BeVietnamPro-ExtraBold.ttf in Resources */ = {isa = PBXBuildFile; fileRef = C63DB3CEB2D8476594980D83 /* BeVietnamPro-ExtraBold.ttf */; };
		CCF6B7A7BD8F4CE09375C614 /* BeVietnamPro-ExtraBoldItalic.ttf in Resources */ = {isa = PBXBuildFile; fileRef = 20D80F8785724856A623AD3A /* BeVietnamPro-ExtraBoldItalic.ttf */; };
		EC3AA901755D47329068368A /* BeVietnamPro-ExtraLight.ttf in Resources */ = {isa = PBXBuildFile; fileRef = 50CF84896B2F4A2C871B49D3 /* BeVietnamPro-ExtraLight.ttf */; };
		B98BF0C1BE904D5288B98AAC /* BeVietnamPro-ExtraLightItalic.ttf in Resources */ = {isa = PBXBuildFile; fileRef = B70B6331D4C34A0C96FDA6BD /* BeVietnamPro-ExtraLightItalic.ttf */; };
		88DE4414C8AA433583D5C462 /* BeVietnamPro-Italic.ttf in Resources */ = {isa = PBXBuildFile; fileRef = 43902DB6A8D34A64B35766C1 /* BeVietnamPro-Italic.ttf */; };
		AB3AED27914C493FB4BBECF7 /* BeVietnamPro-Light.ttf in Resources */ = {isa = PBXBuildFile; fileRef = D6AEF682EE3D4B0DB09E6D5B /* BeVietnamPro-Light.ttf */; };
		EB0F8AAB6B0D4125B3B4C2E2 /* BeVietnamPro-LightItalic.ttf in Resources */ = {isa = PBXBuildFile; fileRef = 7573C13A632A4045936A9CBA /* BeVietnamPro-LightItalic.ttf */; };
		6CED27A04CE348AAADB219DF /* BeVietnamPro-Medium.ttf in Resources */ = {isa = PBXBuildFile; fileRef = 3C37775A45864D0E80627FE6 /* BeVietnamPro-Medium.ttf */; };
		DCCCBB97CB914C07AA2395A2 /* BeVietnamPro-MediumItalic.ttf in Resources */ = {isa = PBXBuildFile; fileRef = 9E1D740C95954194ACB95F8B /* BeVietnamPro-MediumItalic.ttf */; };
		A49C00CDDDC34DF9BCF7E652 /* BeVietnamPro-Regular.ttf in Resources */ = {isa = PBXBuildFile; fileRef = C8D818F387EB4503BCFDE5FE /* BeVietnamPro-Regular.ttf */; };
		96CA0F70E46E4399A5D0C77B /* BeVietnamPro-SemiBold.ttf in Resources */ = {isa = PBXBuildFile; fileRef = 772DBAFC01404160962CC8F5 /* BeVietnamPro-SemiBold.ttf */; };
		704C92CDB54D4C3D8FE18E3D /* BeVietnamPro-SemiBoldItalic.ttf in Resources */ = {isa = PBXBuildFile; fileRef = 2BF2DE651A80475697C3A193 /* BeVietnamPro-SemiBoldItalic.ttf */; };
		44629C52D9D34D0CB61F1AFD /* BeVietnamPro-Thin.ttf in Resources */ = {isa = PBXBuildFile; fileRef = 4171E0B5B5CD4193891CF482 /* BeVietnamPro-Thin.ttf */; };
		F4C833D97ADB4B8DAACB2E8D /* BeVietnamPro-ThinItalic.ttf in Resources */ = {isa = PBXBuildFile; fileRef = 5D4BF42EFF6E425BA9CBA2A3 /* BeVietnamPro-ThinItalic.ttf */; };
/* End PBXBuildFile section */

/* Begin PBXFileReference section */
		13B07F961A680F5B00A75B9A /* NativeCoffee.app */ = {isa = PBXFileReference; explicitFileType = wrapper.application; includeInIndex = 0; path = NativeCoffee.app; sourceTree = BUILT_PRODUCTS_DIR; };
		13B07FB51A68108700A75B9A /* Images.xcassets */ = {isa = PBXFileReference; lastKnownFileType = folder.assetcatalog; name = Images.xcassets; path = NativeCoffee/Images.xcassets; sourceTree = "<group>"; };
		13B07FB61A68108700A75B9A /* Info.plist */ = {isa = PBXFileReference; fileEncoding = 4; lastKnownFileType = text.plist.xml; name = Info.plist; path = NativeCoffee/Info.plist; sourceTree = "<group>"; };
		13B07FB81A68108700A75B9A /* PrivacyInfo.xcprivacy */ = {isa = PBXFileReference; fileEncoding = 4; lastKnownFileType = text.plist.xml; name = PrivacyInfo.xcprivacy; path = NativeCoffee/PrivacyInfo.xcprivacy; sourceTree = "<group>"; };
		3B4392A12AC88292D35C810B /* Pods-NativeCoffee.debug.xcconfig */ = {isa = PBXFileReference; includeInIndex = 1; lastKnownFileType = text.xcconfig; name = "Pods-NativeCoffee.debug.xcconfig"; path = "Target Support Files/Pods-NativeCoffee/Pods-NativeCoffee.debug.xcconfig"; sourceTree = "<group>"; };
		5709B34CF0A7D63546082F79 /* Pods-NativeCoffee.release.xcconfig */ = {isa = PBXFileReference; includeInIndex = 1; lastKnownFileType = text.xcconfig; name = "Pods-NativeCoffee.release.xcconfig"; path = "Target Support Files/Pods-NativeCoffee/Pods-NativeCoffee.release.xcconfig"; sourceTree = "<group>"; };
		5DCACB8F33CDC322A6C60F78 /* libPods-NativeCoffee.a */ = {isa = PBXFileReference; explicitFileType = archive.ar; includeInIndex = 0; path = "libPods-NativeCoffee.a"; sourceTree = BUILT_PRODUCTS_DIR; };
		761780EC2CA45674006654EE /* AppDelegate.swift */ = {isa = PBXFileReference; lastKnownFileType = sourcecode.swift; name = AppDelegate.swift; path = NativeCoffee/AppDelegate.swift; sourceTree = "<group>"; };
		81AB9BB72411601600AC10FF /* LaunchScreen.storyboard */ = {isa = PBXFileReference; fileEncoding = 4; lastKnownFileType = file.storyboard; name = LaunchScreen.storyboard; path = NativeCoffee/LaunchScreen.storyboard; sourceTree = "<group>"; };
		ED297162215061F000B7C4FE /* JavaScriptCore.framework */ = {isa = PBXFileReference; lastKnownFileType = wrapper.framework; name = JavaScriptCore.framework; path = System/Library/Frameworks/JavaScriptCore.framework; sourceTree = SDKROOT; };
		7597C534125C49ECACE4FC77 /* BeVietnamPro-Black.ttf */ = {isa = PBXFileReference; name = "BeVietnamPro-Black.ttf"; path = "../src/assets/fonts/BeVietnamPro-Black.ttf"; sourceTree = "<group>"; fileEncoding = undefined; lastKnownFileType = unknown; explicitFileType = undefined; includeInIndex = 0; };
		2BA923DAFC484584A9376F43 /* BeVietnamPro-BlackItalic.ttf */ = {isa = PBXFileReference; name = "BeVietnamPro-BlackItalic.ttf"; path = "../src/assets/fonts/BeVietnamPro-BlackItalic.ttf"; sourceTree = "<group>"; fileEncoding = undefined; lastKnownFileType = unknown; explicitFileType = undefined; includeInIndex = 0; };
		18A7364CBD5F4DDCBC631DA6 /* BeVietnamPro-Bold.ttf */ = {isa = PBXFileReference; name = "BeVietnamPro-Bold.ttf"; path = "../src/assets/fonts/BeVietnamPro-Bold.ttf"; sourceTree = "<group>"; fileEncoding = undefined; lastKnownFileType = unknown; explicitFileType = undefined; includeInIndex = 0; };
		FBE01D3E65E24A18AF2ADBCA /* BeVietnamPro-BoldItalic.ttf */ = {isa = PBXFileReference; name = "BeVietnamPro-BoldItalic.ttf"; path = "../src/assets/fonts/BeVietnamPro-BoldItalic.ttf"; sourceTree = "<group>"; fileEncoding = undefined; lastKnownFileType = unknown; explicitFileType = undefined; includeInIndex = 0; };
		C63DB3CEB2D8476594980D83 /* BeVietnamPro-ExtraBold.ttf */ = {isa = PBXFileReference; name = "BeVietnamPro-ExtraBold.ttf"; path = "../src/assets/fonts/BeVietnamPro-ExtraBold.ttf"; sourceTree = "<group>"; fileEncoding = undefined; lastKnownFileType = unknown; explicitFileType = undefined; includeInIndex = 0; };
		20D80F8785724856A623AD3A /* BeVietnamPro-ExtraBoldItalic.ttf */ = {isa = PBXFileReference; name = "BeVietnamPro-ExtraBoldItalic.ttf"; path = "../src/assets/fonts/BeVietnamPro-ExtraBoldItalic.ttf"; sourceTree = "<group>"; fileEncoding = undefined; lastKnownFileType = unknown; explicitFileType = undefined; includeInIndex = 0; };
		50CF84896B2F4A2C871B49D3 /* BeVietnamPro-ExtraLight.ttf */ = {isa = PBXFileReference; name = "BeVietnamPro-ExtraLight.ttf"; path = "../src/assets/fonts/BeVietnamPro-ExtraLight.ttf"; sourceTree = "<group>"; fileEncoding = undefined; lastKnownFileType = unknown; explicitFileType = undefined; includeInIndex = 0; };
		B70B6331D4C34A0C96FDA6BD /* BeVietnamPro-ExtraLightItalic.ttf */ = {isa = PBXFileReference; name = "BeVietnamPro-ExtraLightItalic.ttf"; path = "../src/assets/fonts/BeVietnamPro-ExtraLightItalic.ttf"; sourceTree = "<group>"; fileEncoding = undefined; lastKnownFileType = unknown; explicitFileType = undefined; includeInIndex = 0; };
		43902DB6A8D34A64B35766C1 /* BeVietnamPro-Italic.ttf */ = {isa = PBXFileReference; name = "BeVietnamPro-Italic.ttf"; path = "../src/assets/fonts/BeVietnamPro-Italic.ttf"; sourceTree = "<group>"; fileEncoding = undefined; lastKnownFileType = unknown; explicitFileType = undefined; includeInIndex = 0; };
		D6AEF682EE3D4B0DB09E6D5B /* BeVietnamPro-Light.ttf */ = {isa = PBXFileReference; name = "BeVietnamPro-Light.ttf"; path = "../src/assets/fonts/BeVietnamPro-Light.ttf"; sourceTree = "<group>"; fileEncoding = undefined; lastKnownFileType = unknown; explicitFileType = undefined; includeInIndex = 0; };
		7573C13A632A4045936A9CBA /* BeVietnamPro-LightItalic.ttf */ = {isa = PBXFileReference; name = "BeVietnamPro-LightItalic.ttf"; path = "../src/assets/fonts/BeVietnamPro-LightItalic.ttf"; sourceTree = "<group>"; fileEncoding = undefined; lastKnownFileType = unknown; explicitFileType = undefined; includeInIndex = 0; };
		3C37775A45864D0E80627FE6 /* BeVietnamPro-Medium.ttf */ = {isa = PBXFileReference; name = "BeVietnamPro-Medium.ttf"; path = "../src/assets/fonts/BeVietnamPro-Medium.ttf"; sourceTree = "<group>"; fileEncoding = undefined; lastKnownFileType = unknown; explicitFileType = undefined; includeInIndex = 0; };
		9E1D740C95954194ACB95F8B /* BeVietnamPro-MediumItalic.ttf */ = {isa = PBXFileReference; name = "BeVietnamPro-MediumItalic.ttf"; path = "../src/assets/fonts/BeVietnamPro-MediumItalic.ttf"; sourceTree = "<group>"; fileEncoding = undefined; lastKnownFileType = unknown; explicitFileType = undefined; includeInIndex = 0; };
		C8D818F387EB4503BCFDE5FE /* BeVietnamPro-Regular.ttf */ = {isa = PBXFileReference; name = "BeVietnamPro-Regular.ttf"; path = "../src/assets/fonts/BeVietnamPro-Regular.ttf"; sourceTree = "<group>"; fileEncoding = undefined; lastKnownFileType = unknown; explicitFileType = undefined; includeInIndex = 0; };
		772DBAFC01404160962CC8F5 /* BeVietnamPro-SemiBold.ttf */ = {isa = PBXFileReference; name = "BeVietnamPro-SemiBold.ttf"; path = "../src/assets/fonts/BeVietnamPro-SemiBold.ttf"; sourceTree = "<group>"; fileEncoding = undefined; lastKnownFileType = unknown; explicitFileType = undefined; includeInIndex = 0; };
		2BF2DE651A80475697C3A193 /* BeVietnamPro-SemiBoldItalic.ttf */ = {isa = PBXFileReference; name = "BeVietnamPro-SemiBoldItalic.ttf"; path = "../src/assets/fonts/BeVietnamPro-SemiBoldItalic.ttf"; sourceTree = "<group>"; fileEncoding = undefined; lastKnownFileType = unknown; explicitFileType = undefined; includeInIndex = 0; };
		4171E0B5B5CD4193891CF482 /* BeVietnamPro-Thin.ttf */ = {isa = PBXFileReference; name = "BeVietnamPro-Thin.ttf"; path = "../src/assets/fonts/BeVietnamPro-Thin.ttf"; sourceTree = "<group>"; fileEncoding = undefined; lastKnownFileType = unknown; explicitFileType = undefined; includeInIndex = 0; };
		5D4BF42EFF6E425BA9CBA2A3 /* BeVietnamPro-ThinItalic.ttf */ = {isa = PBXFileReference; name = "BeVietnamPro-ThinItalic.ttf"; path = "../src/assets/fonts/BeVietnamPro-ThinItalic.ttf"; sourceTree = "<group>"; fileEncoding = undefined; lastKnownFileType = unknown; explicitFileType = undefined; includeInIndex = 0; };
/* End PBXFileReference section */

/* Begin PBXFrameworksBuildPhase section */
		13B07F8C1A680F5B00A75B9A /* Frameworks */ = {
			isa = PBXFrameworksBuildPhase;
			buildActionMask = 2147483647;
			files = (
				0C80B921A6F3F58F76C31292 /* libPods-NativeCoffee.a in Frameworks */,
			);
			runOnlyForDeploymentPostprocessing = 0;
		};
/* End PBXFrameworksBuildPhase section */

/* Begin PBXGroup section */
		13B07FAE1A68108700A75B9A /* NativeCoffee */ = {
			isa = PBXGroup;
			children = (
				13B07FB51A68108700A75B9A /* Images.xcassets */,
				761780EC2CA45674006654EE /* AppDelegate.swift */,
				13B07FB61A68108700A75B9A /* Info.plist */,
				81AB9BB72411601600AC10FF /* LaunchScreen.storyboard */,
				13B07FB81A68108700A75B9A /* PrivacyInfo.xcprivacy */,
			);
			name = NativeCoffee;
			sourceTree = "<group>";
		};
		2D16E6871FA4F8E400B85C8A /* Frameworks */ = {
			isa = PBXGroup;
			children = (
				ED297162215061F000B7C4FE /* JavaScriptCore.framework */,
				5DCACB8F33CDC322A6C60F78 /* libPods-NativeCoffee.a */,
			);
			name = Frameworks;
			sourceTree = "<group>";
		};
		832341AE1AAA6A7D00B99B32 /* Libraries */ = {
			isa = PBXGroup;
			children = (
			);
			name = Libraries;
			sourceTree = "<group>";
		};
		83CBB9F61A601CBA00E9B192 = {
			isa = PBXGroup;
			children = (
				13B07FAE1A68108700A75B9A /* NativeCoffee */,
				832341AE1AAA6A7D00B99B32 /* Libraries */,
				83CBBA001A601CBA00E9B192 /* Products */,
				2D16E6871FA4F8E400B85C8A /* Frameworks */,
				BBD78D7AC51CEA395F1C20DB /* Pods */,
				FA500A0A55694BD48B737F69 /* Resources */,
			);
			indentWidth = 2;
			sourceTree = "<group>";
			tabWidth = 2;
			usesTabs = 0;
		};
		83CBBA001A601CBA00E9B192 /* Products */ = {
			isa = PBXGroup;
			children = (
				13B07F961A680F5B00A75B9A /* NativeCoffee.app */,
			);
			name = Products;
			sourceTree = "<group>";
		};
		BBD78D7AC51CEA395F1C20DB /* Pods */ = {
			isa = PBXGroup;
			children = (
				3B4392A12AC88292D35C810B /* Pods-NativeCoffee.debug.xcconfig */,
				5709B34CF0A7D63546082F79 /* Pods-NativeCoffee.release.xcconfig */,
			);
			path = Pods;
			sourceTree = "<group>";
		};
		FA500A0A55694BD48B737F69 /* Resources */ = {
			isa = "PBXGroup";
			children = (
				7597C534125C49ECACE4FC77 /* BeVietnamPro-Black.ttf */,
				2BA923DAFC484584A9376F43 /* BeVietnamPro-BlackItalic.ttf */,
				18A7364CBD5F4DDCBC631DA6 /* BeVietnamPro-Bold.ttf */,
				FBE01D3E65E24A18AF2ADBCA /* BeVietnamPro-BoldItalic.ttf */,
				C63DB3CEB2D8476594980D83 /* BeVietnamPro-ExtraBold.ttf */,
				20D80F8785724856A623AD3A /* BeVietnamPro-ExtraBoldItalic.ttf */,
				50CF84896B2F4A2C871B49D3 /* BeVietnamPro-ExtraLight.ttf */,
				B70B6331D4C34A0C96FDA6BD /* BeVietnamPro-ExtraLightItalic.ttf */,
				43902DB6A8D34A64B35766C1 /* BeVietnamPro-Italic.ttf */,
				D6AEF682EE3D4B0DB09E6D5B /* BeVietnamPro-Light.ttf */,
				7573C13A632A4045936A9CBA /* BeVietnamPro-LightItalic.ttf */,
				3C37775A45864D0E80627FE6 /* BeVietnamPro-Medium.ttf */,
				9E1D740C95954194ACB95F8B /* BeVietnamPro-MediumItalic.ttf */,
				C8D818F387EB4503BCFDE5FE /* BeVietnamPro-Regular.ttf */,
				772DBAFC01404160962CC8F5 /* BeVietnamPro-SemiBold.ttf */,
				2BF2DE651A80475697C3A193 /* BeVietnamPro-SemiBoldItalic.ttf */,
				4171E0B5B5CD4193891CF482 /* BeVietnamPro-Thin.ttf */,
				5D4BF42EFF6E425BA9CBA2A3 /* BeVietnamPro-ThinItalic.ttf */,
			);
			name = Resources;
			sourceTree = "<group>";
			path = "";
		};
/* End PBXGroup section */

/* Begin PBXNativeTarget section */
		13B07F861A680F5B00A75B9A /* NativeCoffee */ = {
			isa = PBXNativeTarget;
			buildConfigurationList = 13B07F931A680F5B00A75B9A /* Build configuration list for PBXNativeTarget "NativeCoffee" */;
			buildPhases = (
				C38B50BA6285516D6DCD4F65 /* [CP] Check Pods Manifest.lock */,
				13B07F871A680F5B00A75B9A /* Sources */,
				13B07F8C1A680F5B00A75B9A /* Frameworks */,
				13B07F8E1A680F5B00A75B9A /* Resources */,
				00DD1BFF1BD5951E006B06BC /* Bundle React Native code and images */,
				00EEFC60759A1932668264C0 /* [CP] Embed Pods Frameworks */,
				E235C05ADACE081382539298 /* [CP] Copy Pods Resources */,
			);
			buildRules = (
			);
			dependencies = (
			);
			name = NativeCoffee;
			productName = NativeCoffee;
			productReference = 13B07F961A680F5B00A75B9A /* NativeCoffee.app */;
			productType = "com.apple.product-type.application";
		};
/* End PBXNativeTarget section */

/* Begin PBXProject section */
		83CBB9F71A601CBA00E9B192 /* Project object */ = {
			isa = PBXProject;
			attributes = {
				LastUpgradeCheck = 1210;
				TargetAttributes = {
					13B07F861A680F5B00A75B9A = {
						LastSwiftMigration = 1120;
					};
				};
			};
			buildConfigurationList = 83CBB9FA1A601CBA00E9B192 /* Build configuration list for PBXProject "NativeCoffee" */;
			compatibilityVersion = "Xcode 12.0";
			developmentRegion = en;
			hasScannedForEncodings = 0;
			knownRegions = (
				en,
				Base,
			);
			mainGroup = 83CBB9F61A601CBA00E9B192;
			productRefGroup = 83CBBA001A601CBA00E9B192 /* Products */;
			projectDirPath = "";
			projectRoot = "";
			targets = (
				13B07F861A680F5B00A75B9A /* NativeCoffee */,
			);
		};
/* End PBXProject section */

/* Begin PBXResourcesBuildPhase section */
		13B07F8E1A680F5B00A75B9A /* Resources */ = {
			isa = PBXResourcesBuildPhase;
			buildActionMask = 2147483647;
			files = (
				81AB9BB82411601600AC10FF /* LaunchScreen.storyboard in Resources */,
				13B07FBF1A68108700A75B9A /* Images.xcassets in Resources */,
				7468638BB7E94C4AB7185C68 /* BeVietnamPro-Black.ttf in Resources */,
				D7C13CAA4CB54C0EBB049014 /* BeVietnamPro-BlackItalic.ttf in Resources */,
				A6A5556180D74BA1A32982F9 /* BeVietnamPro-Bold.ttf in Resources */,
				DFE60AAA054744758638BF81 /* BeVietnamPro-BoldItalic.ttf in Resources */,
				B95A8518CAC14823A3C1D747 /* BeVietnamPro-ExtraBold.ttf in Resources */,
				CCF6B7A7BD8F4CE09375C614 /* BeVietnamPro-ExtraBoldItalic.ttf in Resources */,
				EC3AA901755D47329068368A /* BeVietnamPro-ExtraLight.ttf in Resources */,
				B98BF0C1BE904D5288B98AAC /* BeVietnamPro-ExtraLightItalic.ttf in Resources */,
				88DE4414C8AA433583D5C462 /* BeVietnamPro-Italic.ttf in Resources */,
				AB3AED27914C493FB4BBECF7 /* BeVietnamPro-Light.ttf in Resources */,
				EB0F8AAB6B0D4125B3B4C2E2 /* BeVietnamPro-LightItalic.ttf in Resources */,
				6CED27A04CE348AAADB219DF /* BeVietnamPro-Medium.ttf in Resources */,
				DCCCBB97CB914C07AA2395A2 /* BeVietnamPro-MediumItalic.ttf in Resources */,
				A49C00CDDDC34DF9BCF7E652 /* BeVietnamPro-Regular.ttf in Resources */,
				96CA0F70E46E4399A5D0C77B /* BeVietnamPro-SemiBold.ttf in Resources */,
				704C92CDB54D4C3D8FE18E3D /* BeVietnamPro-SemiBoldItalic.ttf in Resources */,
				44629C52D9D34D0CB61F1AFD /* BeVietnamPro-Thin.ttf in Resources */,
				F4C833D97ADB4B8DAACB2E8D /* BeVietnamPro-ThinItalic.ttf in Resources */,
			);
			runOnlyForDeploymentPostprocessing = 0;
		};
/* End PBXResourcesBuildPhase section */

/* Begin PBXShellScriptBuildPhase section */
		00DD1BFF1BD5951E006B06BC /* Bundle React Native code and images */ = {
			isa = PBXShellScriptBuildPhase;
			buildActionMask = 2147483647;
			files = (
			);
			inputPaths = (
				"$(SRCROOT)/.xcode.env.local",
				"$(SRCROOT)/.xcode.env",
			);
			name = "Bundle React Native code and images";
			outputPaths = (
			);
			runOnlyForDeploymentPostprocessing = 0;
			shellPath = /bin/sh;
			shellScript = "set -e\n\nWITH_ENVIRONMENT=\"$REACT_NATIVE_PATH/scripts/xcode/with-environment.sh\"\nREACT_NATIVE_XCODE=\"$REACT_NATIVE_PATH/scripts/react-native-xcode.sh\"\n\n/bin/sh -c \"\\\"$WITH_ENVIRONMENT\\\" \\\"$REACT_NATIVE_XCODE\\\"\"\n";
		};
		00EEFC60759A1932668264C0 /* [CP] Embed Pods Frameworks */ = {
			isa = PBXShellScriptBuildPhase;
			buildActionMask = 2147483647;
			files = (
			);
			inputFileListPaths = (
				"${PODS_ROOT}/Target Support Files/Pods-NativeCoffee/Pods-NativeCoffee-frameworks-${CONFIGURATION}-input-files.xcfilelist",
			);
			name = "[CP] Embed Pods Frameworks";
			outputFileListPaths = (
				"${PODS_ROOT}/Target Support Files/Pods-NativeCoffee/Pods-NativeCoffee-frameworks-${CONFIGURATION}-output-files.xcfilelist",
			);
			runOnlyForDeploymentPostprocessing = 0;
			shellPath = /bin/sh;
			shellScript = "\"${PODS_ROOT}/Target Support Files/Pods-NativeCoffee/Pods-NativeCoffee-frameworks.sh\"\n";
			showEnvVarsInLog = 0;
		};
		C38B50BA6285516D6DCD4F65 /* [CP] Check Pods Manifest.lock */ = {
			isa = PBXShellScriptBuildPhase;
			buildActionMask = 2147483647;
			files = (
			);
			inputFileListPaths = (
			);
			inputPaths = (
				"${PODS_PODFILE_DIR_PATH}/Podfile.lock",
				"${PODS_ROOT}/Manifest.lock",
			);
			name = "[CP] Check Pods Manifest.lock";
			outputFileListPaths = (
			);
			outputPaths = (
				"$(DERIVED_FILE_DIR)/Pods-NativeCoffee-checkManifestLockResult.txt",
			);
			runOnlyForDeploymentPostprocessing = 0;
			shellPath = /bin/sh;
			shellScript = "diff \"${PODS_PODFILE_DIR_PATH}/Podfile.lock\" \"${PODS_ROOT}/Manifest.lock\" > /dev/null\nif [ $? != 0 ] ; then\n    # print error to STDERR\n    echo \"error: The sandbox is not in sync with the Podfile.lock. Run 'pod install' or update your CocoaPods installation.\" >&2\n    exit 1\nfi\n# This output is used by Xcode 'outputs' to avoid re-running this script phase.\necho \"SUCCESS\" > \"${SCRIPT_OUTPUT_FILE_0}\"\n";
			showEnvVarsInLog = 0;
		};
		E235C05ADACE081382539298 /* [CP] Copy Pods Resources */ = {
			isa = PBXShellScriptBuildPhase;
			buildActionMask = 2147483647;
			files = (
			);
			inputFileListPaths = (
				"${PODS_ROOT}/Target Support Files/Pods-NativeCoffee/Pods-NativeCoffee-resources-${CONFIGURATION}-input-files.xcfilelist",
			);
			name = "[CP] Copy Pods Resources";
			outputFileListPaths = (
				"${PODS_ROOT}/Target Support Files/Pods-NativeCoffee/Pods-NativeCoffee-resources-${CONFIGURATION}-output-files.xcfilelist",
			);
			runOnlyForDeploymentPostprocessing = 0;
			shellPath = /bin/sh;
			shellScript = "\"${PODS_ROOT}/Target Support Files/Pods-NativeCoffee/Pods-NativeCoffee-resources.sh\"\n";
			showEnvVarsInLog = 0;
		};
/* End PBXShellScriptBuildPhase section */

/* Begin PBXSourcesBuildPhase section */
		13B07F871A680F5B00A75B9A /* Sources */ = {
			isa = PBXSourcesBuildPhase;
			buildActionMask = 2147483647;
			files = (
				761780ED2CA45674006654EE /* AppDelegate.swift in Sources */,
			);
			runOnlyForDeploymentPostprocessing = 0;
		};
/* End PBXSourcesBuildPhase section */

/* Begin XCBuildConfiguration section */
		13B07F941A680F5B00A75B9A /* Debug */ = {
			isa = XCBuildConfiguration;
			baseConfigurationReference = 3B4392A12AC88292D35C810B /* Pods-NativeCoffee.debug.xcconfig */;
			buildSettings = {
				ASSETCATALOG_COMPILER_APPICON_NAME = AppIcon;
				CLANG_ENABLE_MODULES = YES;
				CURRENT_PROJECT_VERSION = 1;
				ENABLE_BITCODE = NO;
				INFOPLIST_FILE = NativeCoffee/Info.plist;
				IPHONEOS_DEPLOYMENT_TARGET = 15.1;
				LD_RUNPATH_SEARCH_PATHS = (
					"$(inherited)",
					"@executable_path/Frameworks",
				);
				MARKETING_VERSION = 1.0;
				OTHER_LDFLAGS = (
					"$(inherited)",
					"-ObjC",
					"-lc++",
				);
				PRODUCT_BUNDLE_IDENTIFIER = com.NativeCoffee;
				PRODUCT_NAME = NativeCoffee;
				SWIFT_OPTIMIZATION_LEVEL = "-Onone";
				SWIFT_VERSION = 5.0;
				VERSIONING_SYSTEM = "apple-generic";
			};
			name = Debug;
		};
		13B07F951A680F5B00A75B9A /* Release */ = {
			isa = XCBuildConfiguration;
			baseConfigurationReference = 5709B34CF0A7D63546082F79 /* Pods-NativeCoffee.release.xcconfig */;
			buildSettings = {
				ASSETCATALOG_COMPILER_APPICON_NAME = AppIcon;
				CLANG_ENABLE_MODULES = YES;
				CURRENT_PROJECT_VERSION = 1;
				INFOPLIST_FILE = NativeCoffee/Info.plist;
				IPHONEOS_DEPLOYMENT_TARGET = 15.1;
				LD_RUNPATH_SEARCH_PATHS = (
					"$(inherited)",
					"@executable_path/Frameworks",
				);
				MARKETING_VERSION = 1.0;
				OTHER_LDFLAGS = (
					"$(inherited)",
					"-ObjC",
					"-lc++",
				);
				PRODUCT_BUNDLE_IDENTIFIER = com.NativeCoffee;
				PRODUCT_NAME = NativeCoffee;
				SWIFT_VERSION = 5.0;
				VERSIONING_SYSTEM = "apple-generic";
			};
			name = Release;
		};
		83CBBA201A601CBA00E9B192 /* Debug */ = {
			isa = XCBuildConfiguration;
			buildSettings = {
				ALWAYS_SEARCH_USER_PATHS = NO;
				CLANG_ANALYZER_LOCALIZABILITY_NONLOCALIZED = YES;
				CLANG_CXX_LANGUAGE_STANDARD = "c++20";
				CLANG_CXX_LIBRARY = "libc++";
				CLANG_ENABLE_MODULES = YES;
				CLANG_ENABLE_OBJC_ARC = YES;
				CLANG_WARN_BLOCK_CAPTURE_AUTORELEASING = YES;
				CLANG_WARN_BOOL_CONVERSION = YES;
				CLANG_WARN_COMMA = YES;
				CLANG_WARN_CONSTANT_CONVERSION = YES;
				CLANG_WARN_DEPRECATED_OBJC_IMPLEMENTATIONS = YES;
				CLANG_WARN_DIRECT_OBJC_ISA_USAGE = YES_ERROR;
				CLANG_WARN_EMPTY_BODY = YES;
				CLANG_WARN_ENUM_CONVERSION = YES;
				CLANG_WARN_INFINITE_RECURSION = YES;
				CLANG_WARN_INT_CONVERSION = YES;
				CLANG_WARN_NON_LITERAL_NULL_CONVERSION = YES;
				CLANG_WARN_OBJC_IMPLICIT_RETAIN_SELF = YES;
				CLANG_WARN_OBJC_LITERAL_CONVERSION = YES;
				CLANG_WARN_OBJC_ROOT_CLASS = YES_ERROR;
				CLANG_WARN_QUOTED_INCLUDE_IN_FRAMEWORK_HEADER = YES;
				CLANG_WARN_RANGE_LOOP_ANALYSIS = YES;
				CLANG_WARN_STRICT_PROTOTYPES = YES;
				CLANG_WARN_SUSPICIOUS_MOVE = YES;
				CLANG_WARN_UNREACHABLE_CODE = YES;
				CLANG_WARN__DUPLICATE_METHOD_MATCH = YES;
				"CODE_SIGN_IDENTITY[sdk=iphoneos*]" = "iPhone Developer";
				COPY_PHASE_STRIP = NO;
				ENABLE_STRICT_OBJC_MSGSEND = YES;
				ENABLE_TESTABILITY = YES;
				"EXCLUDED_ARCHS[sdk=iphonesimulator*]" = "";
				GCC_C_LANGUAGE_STANDARD = gnu99;
				GCC_DYNAMIC_NO_PIC = NO;
				GCC_NO_COMMON_BLOCKS = YES;
				GCC_OPTIMIZATION_LEVEL = 0;
				GCC_PREPROCESSOR_DEFINITIONS = (
					"DEBUG=1",
					"$(inherited)",
				);
				GCC_SYMBOLS_PRIVATE_EXTERN = NO;
				GCC_WARN_64_TO_32_BIT_CONVERSION = YES;
				GCC_WARN_ABOUT_RETURN_TYPE = YES_ERROR;
				GCC_WARN_UNDECLARED_SELECTOR = YES;
				GCC_WARN_UNINITIALIZED_AUTOS = YES_AGGRESSIVE;
				GCC_WARN_UNUSED_FUNCTION = YES;
				GCC_WARN_UNUSED_VARIABLE = YES;
				IPHONEOS_DEPLOYMENT_TARGET = 15.1;
				LD_RUNPATH_SEARCH_PATHS = (
					/usr/lib/swift,
					"$(inherited)",
				);
				LIBRARY_SEARCH_PATHS = (
					"\"$(SDKROOT)/usr/lib/swift\"",
					"\"$(TOOLCHAIN_DIR)/usr/lib/swift/$(PLATFORM_NAME)\"",
					"\"$(inherited)\"",
				);
				MTL_ENABLE_DEBUG_INFO = YES;
				ONLY_ACTIVE_ARCH = YES;
				OTHER_CPLUSPLUSFLAGS = (
					"$(OTHER_CFLAGS)",
					"-DFOLLY_NO_CONFIG",
					"-DFOLLY_MOBILE=1",
					"-DFOLLY_USE_LIBCPP=1",
					"-DFOLLY_CFG_NO_COROUTINES=1",
					"-DFOLLY_HAVE_CLOCK_GETTIME=1",
				);
				SDKROOT = iphoneos;
			};
			name = Debug;
		};
		83CBBA211A601CBA00E9B192 /* Release */ = {
			isa = XCBuildConfiguration;
			buildSettings = {
				ALWAYS_SEARCH_USER_PATHS = NO;
				CLANG_ANALYZER_LOCALIZABILITY_NONLOCALIZED = YES;
				CLANG_CXX_LANGUAGE_STANDARD = "c++20";
				CLANG_CXX_LIBRARY = "libc++";
				CLANG_ENABLE_MODULES = YES;
				CLANG_ENABLE_OBJC_ARC = YES;
				CLANG_WARN_BLOCK_CAPTURE_AUTORELEASING = YES;
				CLANG_WARN_BOOL_CONVERSION = YES;
				CLANG_WARN_COMMA = YES;
				CLANG_WARN_CONSTANT_CONVERSION = YES;
				CLANG_WARN_DEPRECATED_OBJC_IMPLEMENTATIONS = YES;
				CLANG_WARN_DIRECT_OBJC_ISA_USAGE = YES_ERROR;
				CLANG_WARN_EMPTY_BODY = YES;
				CLANG_WARN_ENUM_CONVERSION = YES;
				CLANG_WARN_INFINITE_RECURSION = YES;
				CLANG_WARN_INT_CONVERSION = YES;
				CLANG_WARN_NON_LITERAL_NULL_CONVERSION = YES;
				CLANG_WARN_OBJC_IMPLICIT_RETAIN_SELF = YES;
				CLANG_WARN_OBJC_LITERAL_CONVERSION = YES;
				CLANG_WARN_OBJC_ROOT_CLASS = YES_ERROR;
				CLANG_WARN_QUOTED_INCLUDE_IN_FRAMEWORK_HEADER = YES;
				CLANG_WARN_RANGE_LOOP_ANALYSIS = YES;
				CLANG_WARN_STRICT_PROTOTYPES = YES;
				CLANG_WARN_SUSPICIOUS_MOVE = YES;
				CLANG_WARN_UNREACHABLE_CODE = YES;
				CLANG_WARN__DUPLICATE_METHOD_MATCH = YES;
				"CODE_SIGN_IDENTITY[sdk=iphoneos*]" = "iPhone Developer";
				COPY_PHASE_STRIP = YES;
				ENABLE_NS_ASSERTIONS = NO;
				ENABLE_STRICT_OBJC_MSGSEND = YES;
				"EXCLUDED_ARCHS[sdk=iphonesimulator*]" = "";
				GCC_C_LANGUAGE_STANDARD = gnu99;
				GCC_NO_COMMON_BLOCKS = YES;
				GCC_WARN_64_TO_32_BIT_CONVERSION = YES;
				GCC_WARN_ABOUT_RETURN_TYPE = YES_ERROR;
				GCC_WARN_UNDECLARED_SELECTOR = YES;
				GCC_WARN_UNINITIALIZED_AUTOS = YES_AGGRESSIVE;
				GCC_WARN_UNUSED_FUNCTION = YES;
				GCC_WARN_UNUSED_VARIABLE = YES;
				IPHONEOS_DEPLOYMENT_TARGET = 15.1;
				LD_RUNPATH_SEARCH_PATHS = (
					/usr/lib/swift,
					"$(inherited)",
				);
				LIBRARY_SEARCH_PATHS = (
					"\"$(SDKROOT)/usr/lib/swift\"",
					"\"$(TOOLCHAIN_DIR)/usr/lib/swift/$(PLATFORM_NAME)\"",
					"\"$(inherited)\"",
				);
				MTL_ENABLE_DEBUG_INFO = NO;
				OTHER_CPLUSPLUSFLAGS = (
					"$(OTHER_CFLAGS)",
					"-DFOLLY_NO_CONFIG",
					"-DFOLLY_MOBILE=1",
					"-DFOLLY_USE_LIBCPP=1",
					"-DFOLLY_CFG_NO_COROUTINES=1",
					"-DFOLLY_HAVE_CLOCK_GETTIME=1",
				);
				SDKROOT = iphoneos;
				VALIDATE_PRODUCT = YES;
			};
			name = Release;
		};
/* End XCBuildConfiguration section */

/* Begin XCConfigurationList section */
		13B07F931A680F5B00A75B9A /* Build configuration list for PBXNativeTarget "NativeCoffee" */ = {
			isa = XCConfigurationList;
			buildConfigurations = (
				13B07F941A680F5B00A75B9A /* Debug */,
				13B07F951A680F5B00A75B9A /* Release */,
			);
			defaultConfigurationIsVisible = 0;
			defaultConfigurationName = Release;
		};
		83CBB9FA1A601CBA00E9B192 /* Build configuration list for PBXProject "NativeCoffee" */ = {
			isa = XCConfigurationList;
			buildConfigurations = (
				83CBBA201A601CBA00E9B192 /* Debug */,
				83CBBA211A601CBA00E9B192 /* Release */,
			);
			defaultConfigurationIsVisible = 0;
			defaultConfigurationName = Release;
		};
/* End XCConfigurationList section */
	};
	rootObject = 83CBB9F71A601CBA00E9B192 /* Project object */;
}
